
Microsoft Visual Studio Solution File, Format Version 12.00
# Visual Studio Version 17
VisualStudioVersion = 17.5.33516.290
MinimumVisualStudioVersion = 10.0.40219.1
Project("{FAE04EC0-301F-11D3-BF4B-00C04F79EFBC}") = "EFC6.Loropio-FitnessApp", "EFC6.Loropio-FitnessApp\EFC6.Loropio-FitnessApp.csproj", "{03A4D944-AFFD-4EEB-9F41-9C4279DBCDBF}"
EndProject
Global
	GlobalSection(SolutionConfigurationPlatforms) = preSolution
		Debug|Any CPU = Debug|Any CPU
		Release|Any CPU = Release|Any CPU
	EndGlobalSection
	GlobalSection(ProjectConfigurationPlatforms) = postSolution
		{03A4D944-AFFD-4EEB-9F41-9C4279DBCDBF}.Debug|Any CPU.ActiveCfg = Debug|Any CPU
		{03A4D944-AFFD-4EEB-9F41-9C4279DBCDBF}.Debug|Any CPU.Build.0 = Debug|Any CPU
		{03A4D944-AFFD-4EEB-9F41-9C4279DBCDBF}.Release|Any CPU.ActiveCfg = Release|Any CPU
		{03A4D944-AFFD-4EEB-9F41-9C4279DBCDBF}.Release|Any CPU.Build.0 = Release|Any CPU
	EndGlobalSection
	GlobalSection(SolutionProperties) = preSolution
		HideSolutionNode = FALSE
	EndGlobalSection
	GlobalSection(ExtensibilityGlobals) = postSolution
		SolutionGuid = {F7428E50-D0F1-4885-A98A-A62BC27FFE49}
	EndGlobalSection
EndGlobal
